
Microsoft Visual Studio Solution File, Format Version 12.00
# Visual Studio 15
VisualStudioVersion = 15.0.28307.329
MinimumVisualStudioVersion = 10.0.40219.1
Project("{2150E333-8FDC-42A3-9474-1A3956D46DE8}") = "microservices", "microservices", "{2995D7A2-91B1-46B8-A6C1-41FABF126EEC}"
EndProject
Project("{2150E333-8FDC-42A3-9474-1A3956D46DE8}") = "modules", "modules", "{6EA968B3-22F8-47C8-A98C-8FD9D517C042}"
EndProject
Project("{2150E333-8FDC-42A3-9474-1A3956D46DE8}") = "Designer", "Designer", "{FA97E8B0-78E9-4411-ACEF-A0D414E00F82}"
EndProject
Project("{2150E333-8FDC-42A3-9474-1A3956D46DE8}") = "src", "src", "{2D5A3A76-FB6E-41BC-A76A-8EE7103FBBE9}"
EndProject
Project("{2150E333-8FDC-42A3-9474-1A3956D46DE8}") = "test", "test", "{1198C4A8-C2B4-4A20-B94A-B279B57ACCCB}"
EndProject
Project("{2150E333-8FDC-42A3-9474-1A3956D46DE8}") = "Generator", "Generator", "{E0588AA6-8377-4EA9-996B-2F832572C3B9}"
EndProject
Project("{2150E333-8FDC-42A3-9474-1A3956D46DE8}") = "src", "src", "{F950B63B-F68A-4403-83AA-9589BCA3AE28}"
EndProject
Project("{2150E333-8FDC-42A3-9474-1A3956D46DE8}") = "test", "test", "{F34166F2-070F-463C-A2C4-EE60786D137F}"
EndProject
Project("{2150E333-8FDC-42A3-9474-1A3956D46DE8}") = "gateway", "gateway", "{0560A598-B8AE-49AE-AFD9-91A1EF7B00D0}"
EndProject
Project("{2150E333-8FDC-42A3-9474-1A3956D46DE8}") = "Shared", "Shared", "{131E8818-168E-41D2-8A13-31C32691F504}"
EndProject
Project("{9A19103F-16F7-4668-BE54-9A1E7A4F7556}") = "DomainModelDesigner.Designer.Application", "src\DomainModelDesigner.Designer.Application\DomainModelDesigner.Designer.Application.csproj", "{FDB49854-9E2A-4A7B-AF75-E6164BD195E8}"
EndProject
Project("{9A19103F-16F7-4668-BE54-9A1E7A4F7556}") = "DomainModelDesigner.Designer.Application.Contracts", "src\DomainModelDesigner.Designer.Application.Contracts\DomainModelDesigner.Designer.Application.Contracts.csproj", "{E3A8B8AC-BBEF-410D-97DD-EE87CD509F47}"
EndProject
Project("{9A19103F-16F7-4668-BE54-9A1E7A4F7556}") = "DomainModelDesigner.Designer.Domain", "src\DomainModelDesigner.Designer.Domain\DomainModelDesigner.Designer.Domain.csproj", "{8E5E7094-8B2A-45C1-83C1-0AEB7E8B67F5}"
EndProject
Project("{9A19103F-16F7-4668-BE54-9A1E7A4F7556}") = "DomainModelDesigner.Designer.Domain.Shared", "src\DomainModelDesigner.Designer.Domain.Shared\DomainModelDesigner.Designer.Domain.Shared.csproj", "{02AB8C10-66C6-477B-A866-5C88E0D81762}"
EndProject
Project("{9A19103F-16F7-4668-BE54-9A1E7A4F7556}") = "DomainModelDesigner.Designer.EntityFrameworkCore", "src\DomainModelDesigner.Designer.EntityFrameworkCore\DomainModelDesigner.Designer.EntityFrameworkCore.csproj", "{7E319332-7C4F-46EF-AB76-EBE4AB14AC0B}"
EndProject
Project("{9A19103F-16F7-4668-BE54-9A1E7A4F7556}") = "DomainModelDesigner.Designer.HttpApi", "src\DomainModelDesigner.Designer.HttpApi\DomainModelDesigner.Designer.HttpApi.csproj", "{811DFFFA-EE53-462E-B689-014EFD75872C}"
EndProject
Project("{9A19103F-16F7-4668-BE54-9A1E7A4F7556}") = "DomainModelDesigner.Designer.HttpApi.Client", "src\DomainModelDesigner.Designer.HttpApi.Client\DomainModelDesigner.Designer.HttpApi.Client.csproj", "{BD85031C-22BC-4817-991F-BD696330D071}"
EndProject
Project("{9A19103F-16F7-4668-BE54-9A1E7A4F7556}") = "DomainModelDesignerGateway", "src\DomainModelDesignerGateway\DomainModelDesignerGateway.csproj", "{3A8BF985-0EC7-4808-8215-7C78C8865CE2}"
EndProject
Project("{9A19103F-16F7-4668-BE54-9A1E7A4F7556}") = "DomainModelDesigner.Designer.Application.Tests", "test\DomainModelDesigner.Designer.Application.Tests\DomainModelDesigner.Designer.Application.Tests.csproj", "{ACC60D4D-A638-4A9A-B40E-4AC4B36C2D0D}"
EndProject
Project("{9A19103F-16F7-4668-BE54-9A1E7A4F7556}") = "DomainModelDesigner.Designer.Domain.Tests", "test\DomainModelDesigner.Designer.Domain.Tests\DomainModelDesigner.Designer.Domain.Tests.csproj", "{B8F94040-1680-4756-855D-74E65C22DC3D}"
EndProject
Project("{9A19103F-16F7-4668-BE54-9A1E7A4F7556}") = "DomainModelDesigner.Designer.EntityFrameworkCore.Tests", "test\DomainModelDesigner.Designer.EntityFrameworkCore.Tests\DomainModelDesigner.Designer.EntityFrameworkCore.Tests.csproj", "{45A2FD66-7D32-43B5-B41A-C749175E2F54}"
EndProject
Project("{9A19103F-16F7-4668-BE54-9A1E7A4F7556}") = "DomainModelDesigner.Designer.TestBase", "test\DomainModelDesigner.Designer.TestBase\DomainModelDesigner.Designer.TestBase.csproj", "{D9D01853-2CCC-45A4-815A-AB9664D5B13A}"
EndProject
Project("{9A19103F-16F7-4668-BE54-9A1E7A4F7556}") = "DomainModelDesigner.Generator.Application", "src\DomainModelDesigner.Generator.Application\DomainModelDesigner.Generator.Application.csproj", "{E9FA1D69-64CD-4B95-8480-F01302F0FB06}"
EndProject
Project("{9A19103F-16F7-4668-BE54-9A1E7A4F7556}") = "DomainModelDesigner.Generator.Application.Contracts", "src\DomainModelDesigner.Generator.Application.Contracts\DomainModelDesigner.Generator.Application.Contracts.csproj", "{4CB4F89E-2162-4592-AFC6-CF86018AED0D}"
EndProject
Project("{9A19103F-16F7-4668-BE54-9A1E7A4F7556}") = "DomainModelDesigner.Generator.Domain", "src\DomainModelDesigner.Generator.Domain\DomainModelDesigner.Generator.Domain.csproj", "{5ABB9B05-71FD-40F1-B2FA-9163CE28A8EE}"
EndProject
Project("{9A19103F-16F7-4668-BE54-9A1E7A4F7556}") = "DomainModelDesigner.Generator.Domain.Shared", "src\DomainModelDesigner.Generator.Domain.Shared\DomainModelDesigner.Generator.Domain.Shared.csproj", "{7B605BFE-C049-4369-862A-C39AEF5135D4}"
EndProject
Project("{9A19103F-16F7-4668-BE54-9A1E7A4F7556}") = "DomainModelDesigner.Generator.EntityFrameworkCore", "src\DomainModelDesigner.Generator.EntityFrameworkCore\DomainModelDesigner.Generator.EntityFrameworkCore.csproj", "{B5474A9C-800E-4E5F-BF61-AA26A564D2DA}"
EndProject
Project("{9A19103F-16F7-4668-BE54-9A1E7A4F7556}") = "DomainModelDesigner.Generator.HttpApi", "src\DomainModelDesigner.Generator.HttpApi\DomainModelDesigner.Generator.HttpApi.csproj", "{1F0B3B33-4327-4B33-9DBB-ADA3DB4996BF}"
EndProject
Project("{9A19103F-16F7-4668-BE54-9A1E7A4F7556}") = "DomainModelDesigner.Generator.Application.Tests", "test\DomainModelDesigner.Generator.Application.Tests\DomainModelDesigner.Generator.Application.Tests.csproj", "{61D4D045-FEE0-405E-95EA-6D99680ABFB7}"
EndProject
Project("{9A19103F-16F7-4668-BE54-9A1E7A4F7556}") = "DomainModelDesigner.Generator.Domain.Tests", "test\DomainModelDesigner.Generator.Domain.Tests\DomainModelDesigner.Generator.Domain.Tests.csproj", "{B762CEC2-95C5-4A25-8247-79C95CA8CCF3}"
EndProject
Project("{9A19103F-16F7-4668-BE54-9A1E7A4F7556}") = "DomainModelDesigner.Generator.EntityFrameworkCore.Tests", "test\DomainModelDesigner.Generator.EntityFrameworkCore.Tests\DomainModelDesigner.Generator.EntityFrameworkCore.Tests.csproj", "{625EC50A-D4AE-4022-8F7C-8A73A9CAA788}"
EndProject
Project("{9A19103F-16F7-4668-BE54-9A1E7A4F7556}") = "DomainModelDesigner.Generator.TestBase", "test\DomainModelDesigner.Generator.TestBase\DomainModelDesigner.Generator.TestBase.csproj", "{12D5298F-F3F3-40A3-A53F-FA64CFDA463D}"
EndProject
Project("{9A19103F-16F7-4668-BE54-9A1E7A4F7556}") = "DomainModelDesigner.Generator.Host", "src\DomainModelDesigner.Generator.Host\DomainModelDesigner.Generator.Host.csproj", "{CC2FD871-542F-4C09-919F-9321D318AB93}"
EndProject
Project("{9A19103F-16F7-4668-BE54-9A1E7A4F7556}") = "DomainModelDesigner.Designer.Host", "src\DomainModelDesigner.Designer.Host\DomainModelDesigner.Designer.Host.csproj", "{4AD83DB3-0134-45C5-B4C8-33ADF1605762}"
EndProject
Project("{9A19103F-16F7-4668-BE54-9A1E7A4F7556}") = "DomainModelDesigner.DistributedEvents", "src\DomainModelDesigner.DistributedEvents\DomainModelDesigner.DistributedEvents.csproj", "{A1605A64-F210-4518-94ED-42B8D33FD84D}"
EndProject
Project("{FAE04EC0-301F-11D3-BF4B-00C04F79EFBC}") = "DomainModelDesigner.Designer.Inf", "src\DomainModelDesigner.Designer.Inf\DomainModelDesigner.Designer.Inf.csproj", "{8DBCA0B1-AC4D-4D55-9B75-DECE11C09AC2}"
EndProject
Global
	GlobalSection(SolutionConfigurationPlatforms) = preSolution
		Debug|Any CPU = Debug|Any CPU
		Release|Any CPU = Release|Any CPU
	EndGlobalSection
	GlobalSection(ProjectConfigurationPlatforms) = postSolution
		{FDB49854-9E2A-4A7B-AF75-E6164BD195E8}.Debug|Any CPU.ActiveCfg = Debug|Any CPU
		{FDB49854-9E2A-4A7B-AF75-E6164BD195E8}.Debug|Any CPU.Build.0 = Debug|Any CPU
		{FDB49854-9E2A-4A7B-AF75-E6164BD195E8}.Release|Any CPU.ActiveCfg = Release|Any CPU
		{FDB49854-9E2A-4A7B-AF75-E6164BD195E8}.Release|Any CPU.Build.0 = Release|Any CPU
		{E3A8B8AC-BBEF-410D-97DD-EE87CD509F47}.Debug|Any CPU.ActiveCfg = Debug|Any CPU
		{E3A8B8AC-BBEF-410D-97DD-EE87CD509F47}.Debug|Any CPU.Build.0 = Debug|Any CPU
		{E3A8B8AC-BBEF-410D-97DD-EE87CD509F47}.Release|Any CPU.ActiveCfg = Release|Any CPU
		{E3A8B8AC-BBEF-410D-97DD-EE87CD509F47}.Release|Any CPU.Build.0 = Release|Any CPU
		{8E5E7094-8B2A-45C1-83C1-0AEB7E8B67F5}.Debug|Any CPU.ActiveCfg = Debug|Any CPU
		{8E5E7094-8B2A-45C1-83C1-0AEB7E8B67F5}.Debug|Any CPU.Build.0 = Debug|Any CPU
		{8E5E7094-8B2A-45C1-83C1-0AEB7E8B67F5}.Release|Any CPU.ActiveCfg = Release|Any CPU
		{8E5E7094-8B2A-45C1-83C1-0AEB7E8B67F5}.Release|Any CPU.Build.0 = Release|Any CPU
		{02AB8C10-66C6-477B-A866-5C88E0D81762}.Debug|Any CPU.ActiveCfg = Debug|Any CPU
		{02AB8C10-66C6-477B-A866-5C88E0D81762}.Debug|Any CPU.Build.0 = Debug|Any CPU
		{02AB8C10-66C6-477B-A866-5C88E0D81762}.Release|Any CPU.ActiveCfg = Release|Any CPU
		{02AB8C10-66C6-477B-A866-5C88E0D81762}.Release|Any CPU.Build.0 = Release|Any CPU
		{7E319332-7C4F-46EF-AB76-EBE4AB14AC0B}.Debug|Any CPU.ActiveCfg = Debug|Any CPU
		{7E319332-7C4F-46EF-AB76-EBE4AB14AC0B}.Debug|Any CPU.Build.0 = Debug|Any CPU
		{7E319332-7C4F-46EF-AB76-EBE4AB14AC0B}.Release|Any CPU.ActiveCfg = Release|Any CPU
		{7E319332-7C4F-46EF-AB76-EBE4AB14AC0B}.Release|Any CPU.Build.0 = Release|Any CPU
		{811DFFFA-EE53-462E-B689-014EFD75872C}.Debug|Any CPU.ActiveCfg = Debug|Any CPU
		{811DFFFA-EE53-462E-B689-014EFD75872C}.Debug|Any CPU.Build.0 = Debug|Any CPU
		{811DFFFA-EE53-462E-B689-014EFD75872C}.Release|Any CPU.ActiveCfg = Release|Any CPU
		{811DFFFA-EE53-462E-B689-014EFD75872C}.Release|Any CPU.Build.0 = Release|Any CPU
		{BD85031C-22BC-4817-991F-BD696330D071}.Debug|Any CPU.ActiveCfg = Debug|Any CPU
		{BD85031C-22BC-4817-991F-BD696330D071}.Debug|Any CPU.Build.0 = Debug|Any CPU
		{BD85031C-22BC-4817-991F-BD696330D071}.Release|Any CPU.ActiveCfg = Release|Any CPU
		{BD85031C-22BC-4817-991F-BD696330D071}.Release|Any CPU.Build.0 = Release|Any CPU
		{3A8BF985-0EC7-4808-8215-7C78C8865CE2}.Debug|Any CPU.ActiveCfg = Debug|Any CPU
		{3A8BF985-0EC7-4808-8215-7C78C8865CE2}.Debug|Any CPU.Build.0 = Debug|Any CPU
		{3A8BF985-0EC7-4808-8215-7C78C8865CE2}.Release|Any CPU.ActiveCfg = Release|Any CPU
		{3A8BF985-0EC7-4808-8215-7C78C8865CE2}.Release|Any CPU.Build.0 = Release|Any CPU
		{ACC60D4D-A638-4A9A-B40E-4AC4B36C2D0D}.Debug|Any CPU.ActiveCfg = Debug|Any CPU
		{ACC60D4D-A638-4A9A-B40E-4AC4B36C2D0D}.Debug|Any CPU.Build.0 = Debug|Any CPU
		{ACC60D4D-A638-4A9A-B40E-4AC4B36C2D0D}.Release|Any CPU.ActiveCfg = Release|Any CPU
		{ACC60D4D-A638-4A9A-B40E-4AC4B36C2D0D}.Release|Any CPU.Build.0 = Release|Any CPU
		{B8F94040-1680-4756-855D-74E65C22DC3D}.Debug|Any CPU.ActiveCfg = Debug|Any CPU
		{B8F94040-1680-4756-855D-74E65C22DC3D}.Debug|Any CPU.Build.0 = Debug|Any CPU
		{B8F94040-1680-4756-855D-74E65C22DC3D}.Release|Any CPU.ActiveCfg = Release|Any CPU
		{B8F94040-1680-4756-855D-74E65C22DC3D}.Release|Any CPU.Build.0 = Release|Any CPU
		{45A2FD66-7D32-43B5-B41A-C749175E2F54}.Debug|Any CPU.ActiveCfg = Debug|Any CPU
		{45A2FD66-7D32-43B5-B41A-C749175E2F54}.Debug|Any CPU.Build.0 = Debug|Any CPU
		{45A2FD66-7D32-43B5-B41A-C749175E2F54}.Release|Any CPU.ActiveCfg = Release|Any CPU
		{45A2FD66-7D32-43B5-B41A-C749175E2F54}.Release|Any CPU.Build.0 = Release|Any CPU
		{D9D01853-2CCC-45A4-815A-AB9664D5B13A}.Debug|Any CPU.ActiveCfg = Debug|Any CPU
		{D9D01853-2CCC-45A4-815A-AB9664D5B13A}.Debug|Any CPU.Build.0 = Debug|Any CPU
		{D9D01853-2CCC-45A4-815A-AB9664D5B13A}.Release|Any CPU.ActiveCfg = Release|Any CPU
		{D9D01853-2CCC-45A4-815A-AB9664D5B13A}.Release|Any CPU.Build.0 = Release|Any CPU
		{E9FA1D69-64CD-4B95-8480-F01302F0FB06}.Debug|Any CPU.ActiveCfg = Debug|Any CPU
		{E9FA1D69-64CD-4B95-8480-F01302F0FB06}.Debug|Any CPU.Build.0 = Debug|Any CPU
		{E9FA1D69-64CD-4B95-8480-F01302F0FB06}.Release|Any CPU.ActiveCfg = Release|Any CPU
		{E9FA1D69-64CD-4B95-8480-F01302F0FB06}.Release|Any CPU.Build.0 = Release|Any CPU
		{4CB4F89E-2162-4592-AFC6-CF86018AED0D}.Debug|Any CPU.ActiveCfg = Debug|Any CPU
		{4CB4F89E-2162-4592-AFC6-CF86018AED0D}.Debug|Any CPU.Build.0 = Debug|Any CPU
		{4CB4F89E-2162-4592-AFC6-CF86018AED0D}.Release|Any CPU.ActiveCfg = Release|Any CPU
		{4CB4F89E-2162-4592-AFC6-CF86018AED0D}.Release|Any CPU.Build.0 = Release|Any CPU
		{5ABB9B05-71FD-40F1-B2FA-9163CE28A8EE}.Debug|Any CPU.ActiveCfg = Debug|Any CPU
		{5ABB9B05-71FD-40F1-B2FA-9163CE28A8EE}.Debug|Any CPU.Build.0 = Debug|Any CPU
		{5ABB9B05-71FD-40F1-B2FA-9163CE28A8EE}.Release|Any CPU.ActiveCfg = Release|Any CPU
		{5ABB9B05-71FD-40F1-B2FA-9163CE28A8EE}.Release|Any CPU.Build.0 = Release|Any CPU
		{7B605BFE-C049-4369-862A-C39AEF5135D4}.Debug|Any CPU.ActiveCfg = Debug|Any CPU
		{7B605BFE-C049-4369-862A-C39AEF5135D4}.Debug|Any CPU.Build.0 = Debug|Any CPU
		{7B605BFE-C049-4369-862A-C39AEF5135D4}.Release|Any CPU.ActiveCfg = Release|Any CPU
		{7B605BFE-C049-4369-862A-C39AEF5135D4}.Release|Any CPU.Build.0 = Release|Any CPU
		{B5474A9C-800E-4E5F-BF61-AA26A564D2DA}.Debug|Any CPU.ActiveCfg = Debug|Any CPU
		{B5474A9C-800E-4E5F-BF61-AA26A564D2DA}.Debug|Any CPU.Build.0 = Debug|Any CPU
		{B5474A9C-800E-4E5F-BF61-AA26A564D2DA}.Release|Any CPU.ActiveCfg = Release|Any CPU
		{B5474A9C-800E-4E5F-BF61-AA26A564D2DA}.Release|Any CPU.Build.0 = Release|Any CPU
		{1F0B3B33-4327-4B33-9DBB-ADA3DB4996BF}.Debug|Any CPU.ActiveCfg = Debug|Any CPU
		{1F0B3B33-4327-4B33-9DBB-ADA3DB4996BF}.Debug|Any CPU.Build.0 = Debug|Any CPU
		{1F0B3B33-4327-4B33-9DBB-ADA3DB4996BF}.Release|Any CPU.ActiveCfg = Release|Any CPU
		{1F0B3B33-4327-4B33-9DBB-ADA3DB4996BF}.Release|Any CPU.Build.0 = Release|Any CPU
		{61D4D045-FEE0-405E-95EA-6D99680ABFB7}.Debug|Any CPU.ActiveCfg = Debug|Any CPU
		{61D4D045-FEE0-405E-95EA-6D99680ABFB7}.Debug|Any CPU.Build.0 = Debug|Any CPU
		{61D4D045-FEE0-405E-95EA-6D99680ABFB7}.Release|Any CPU.ActiveCfg = Release|Any CPU
		{61D4D045-FEE0-405E-95EA-6D99680ABFB7}.Release|Any CPU.Build.0 = Release|Any CPU
		{B762CEC2-95C5-4A25-8247-79C95CA8CCF3}.Debug|Any CPU.ActiveCfg = Debug|Any CPU
		{B762CEC2-95C5-4A25-8247-79C95CA8CCF3}.Debug|Any CPU.Build.0 = Debug|Any CPU
		{B762CEC2-95C5-4A25-8247-79C95CA8CCF3}.Release|Any CPU.ActiveCfg = Release|Any CPU
		{B762CEC2-95C5-4A25-8247-79C95CA8CCF3}.Release|Any CPU.Build.0 = Release|Any CPU
		{625EC50A-D4AE-4022-8F7C-8A73A9CAA788}.Debug|Any CPU.ActiveCfg = Debug|Any CPU
		{625EC50A-D4AE-4022-8F7C-8A73A9CAA788}.Debug|Any CPU.Build.0 = Debug|Any CPU
		{625EC50A-D4AE-4022-8F7C-8A73A9CAA788}.Release|Any CPU.ActiveCfg = Release|Any CPU
		{625EC50A-D4AE-4022-8F7C-8A73A9CAA788}.Release|Any CPU.Build.0 = Release|Any CPU
		{12D5298F-F3F3-40A3-A53F-FA64CFDA463D}.Debug|Any CPU.ActiveCfg = Debug|Any CPU
		{12D5298F-F3F3-40A3-A53F-FA64CFDA463D}.Debug|Any CPU.Build.0 = Debug|Any CPU
		{12D5298F-F3F3-40A3-A53F-FA64CFDA463D}.Release|Any CPU.ActiveCfg = Release|Any CPU
		{12D5298F-F3F3-40A3-A53F-FA64CFDA463D}.Release|Any CPU.Build.0 = Release|Any CPU
		{CC2FD871-542F-4C09-919F-9321D318AB93}.Debug|Any CPU.ActiveCfg = Debug|Any CPU
		{CC2FD871-542F-4C09-919F-9321D318AB93}.Debug|Any CPU.Build.0 = Debug|Any CPU
		{CC2FD871-542F-4C09-919F-9321D318AB93}.Release|Any CPU.ActiveCfg = Release|Any CPU
		{CC2FD871-542F-4C09-919F-9321D318AB93}.Release|Any CPU.Build.0 = Release|Any CPU
		{4AD83DB3-0134-45C5-B4C8-33ADF1605762}.Debug|Any CPU.ActiveCfg = Debug|Any CPU
		{4AD83DB3-0134-45C5-B4C8-33ADF1605762}.Debug|Any CPU.Build.0 = Debug|Any CPU
		{4AD83DB3-0134-45C5-B4C8-33ADF1605762}.Release|Any CPU.ActiveCfg = Release|Any CPU
		{4AD83DB3-0134-45C5-B4C8-33ADF1605762}.Release|Any CPU.Build.0 = Release|Any CPU
		{A1605A64-F210-4518-94ED-42B8D33FD84D}.Debug|Any CPU.ActiveCfg = Debug|Any CPU
		{A1605A64-F210-4518-94ED-42B8D33FD84D}.Debug|Any CPU.Build.0 = Debug|Any CPU
		{A1605A64-F210-4518-94ED-42B8D33FD84D}.Release|Any CPU.ActiveCfg = Release|Any CPU
		{A1605A64-F210-4518-94ED-42B8D33FD84D}.Release|Any CPU.Build.0 = Release|Any CPU
		{8DBCA0B1-AC4D-4D55-9B75-DECE11C09AC2}.Debug|Any CPU.ActiveCfg = Debug|Any CPU
		{8DBCA0B1-AC4D-4D55-9B75-DECE11C09AC2}.Debug|Any CPU.Build.0 = Debug|Any CPU
		{8DBCA0B1-AC4D-4D55-9B75-DECE11C09AC2}.Release|Any CPU.ActiveCfg = Release|Any CPU
		{8DBCA0B1-AC4D-4D55-9B75-DECE11C09AC2}.Release|Any CPU.Build.0 = Release|Any CPU
	EndGlobalSection
	GlobalSection(SolutionProperties) = preSolution
		HideSolutionNode = FALSE
	EndGlobalSection
	GlobalSection(NestedProjects) = preSolution
		{FA97E8B0-78E9-4411-ACEF-A0D414E00F82} = {6EA968B3-22F8-47C8-A98C-8FD9D517C042}
		{2D5A3A76-FB6E-41BC-A76A-8EE7103FBBE9} = {FA97E8B0-78E9-4411-ACEF-A0D414E00F82}
		{1198C4A8-C2B4-4A20-B94A-B279B57ACCCB} = {FA97E8B0-78E9-4411-ACEF-A0D414E00F82}
		{E0588AA6-8377-4EA9-996B-2F832572C3B9} = {6EA968B3-22F8-47C8-A98C-8FD9D517C042}
		{F950B63B-F68A-4403-83AA-9589BCA3AE28} = {E0588AA6-8377-4EA9-996B-2F832572C3B9}
		{F34166F2-070F-463C-A2C4-EE60786D137F} = {E0588AA6-8377-4EA9-996B-2F832572C3B9}
		{131E8818-168E-41D2-8A13-31C32691F504} = {6EA968B3-22F8-47C8-A98C-8FD9D517C042}
		{FDB49854-9E2A-4A7B-AF75-E6164BD195E8} = {2D5A3A76-FB6E-41BC-A76A-8EE7103FBBE9}
		{E3A8B8AC-BBEF-410D-97DD-EE87CD509F47} = {2D5A3A76-FB6E-41BC-A76A-8EE7103FBBE9}
		{8E5E7094-8B2A-45C1-83C1-0AEB7E8B67F5} = {2D5A3A76-FB6E-41BC-A76A-8EE7103FBBE9}
		{02AB8C10-66C6-477B-A866-5C88E0D81762} = {2D5A3A76-FB6E-41BC-A76A-8EE7103FBBE9}
		{7E319332-7C4F-46EF-AB76-EBE4AB14AC0B} = {2D5A3A76-FB6E-41BC-A76A-8EE7103FBBE9}
		{811DFFFA-EE53-462E-B689-014EFD75872C} = {2D5A3A76-FB6E-41BC-A76A-8EE7103FBBE9}
		{BD85031C-22BC-4817-991F-BD696330D071} = {2D5A3A76-FB6E-41BC-A76A-8EE7103FBBE9}
		{3A8BF985-0EC7-4808-8215-7C78C8865CE2} = {0560A598-B8AE-49AE-AFD9-91A1EF7B00D0}
		{ACC60D4D-A638-4A9A-B40E-4AC4B36C2D0D} = {1198C4A8-C2B4-4A20-B94A-B279B57ACCCB}
		{B8F94040-1680-4756-855D-74E65C22DC3D} = {1198C4A8-C2B4-4A20-B94A-B279B57ACCCB}
		{45A2FD66-7D32-43B5-B41A-C749175E2F54} = {1198C4A8-C2B4-4A20-B94A-B279B57ACCCB}
		{D9D01853-2CCC-45A4-815A-AB9664D5B13A} = {1198C4A8-C2B4-4A20-B94A-B279B57ACCCB}
		{E9FA1D69-64CD-4B95-8480-F01302F0FB06} = {F950B63B-F68A-4403-83AA-9589BCA3AE28}
		{4CB4F89E-2162-4592-AFC6-CF86018AED0D} = {F950B63B-F68A-4403-83AA-9589BCA3AE28}
		{5ABB9B05-71FD-40F1-B2FA-9163CE28A8EE} = {F950B63B-F68A-4403-83AA-9589BCA3AE28}
		{7B605BFE-C049-4369-862A-C39AEF5135D4} = {F950B63B-F68A-4403-83AA-9589BCA3AE28}
		{B5474A9C-800E-4E5F-BF61-AA26A564D2DA} = {F950B63B-F68A-4403-83AA-9589BCA3AE28}
		{1F0B3B33-4327-4B33-9DBB-ADA3DB4996BF} = {F950B63B-F68A-4403-83AA-9589BCA3AE28}
		{61D4D045-FEE0-405E-95EA-6D99680ABFB7} = {F34166F2-070F-463C-A2C4-EE60786D137F}
		{B762CEC2-95C5-4A25-8247-79C95CA8CCF3} = {F34166F2-070F-463C-A2C4-EE60786D137F}
		{625EC50A-D4AE-4022-8F7C-8A73A9CAA788} = {F34166F2-070F-463C-A2C4-EE60786D137F}
		{12D5298F-F3F3-40A3-A53F-FA64CFDA463D} = {F34166F2-070F-463C-A2C4-EE60786D137F}
		{CC2FD871-542F-4C09-919F-9321D318AB93} = {2995D7A2-91B1-46B8-A6C1-41FABF126EEC}
		{4AD83DB3-0134-45C5-B4C8-33ADF1605762} = {2995D7A2-91B1-46B8-A6C1-41FABF126EEC}
		{A1605A64-F210-4518-94ED-42B8D33FD84D} = {131E8818-168E-41D2-8A13-31C32691F504}
		{8DBCA0B1-AC4D-4D55-9B75-DECE11C09AC2} = {2D5A3A76-FB6E-41BC-A76A-8EE7103FBBE9}
	EndGlobalSection
	GlobalSection(ExtensibilityGlobals) = postSolution
		SolutionGuid = {00EDA26E-61EA-4BA5-8B34-AB14492374AB}
	EndGlobalSection
EndGlobal
